
Microsoft Visual Studio Solution File, Format Version 12.00
# Visual Studio Version 17
VisualStudioVersion = 17.5.002.0
MinimumVisualStudioVersion = 10.0.40219.1
Project("{9A19103F-16F7-4668-BE54-9A1E7A4F7556}") = "DreidelProject", "DreidelProject.csproj", "{ACCDF981-55A4-4D93-90A4-7849C7FE729E}"
EndProject
Global
	GlobalSection(SolutionConfigurationPlatforms) = preSolution
		Debug|Any CPU = Debug|Any CPU
		Release|Any CPU = Release|Any CPU
	EndGlobalSection
	GlobalSection(ProjectConfigurationPlatforms) = postSolution
		{ACCDF981-55A4-4D93-90A4-7849C7FE729E}.Debug|Any CPU.ActiveCfg = Debug|Any CPU
		{ACCDF981-55A4-4D93-90A4-7849C7FE729E}.Debug|Any CPU.Build.0 = Debug|Any CPU
		{ACCDF981-55A4-4D93-90A4-7849C7FE729E}.Release|Any CPU.ActiveCfg = Release|Any CPU
		{ACCDF981-55A4-4D93-90A4-7849C7FE729E}.Release|Any CPU.Build.0 = Release|Any CPU
	EndGlobalSection
	GlobalSection(SolutionProperties) = preSolution
		HideSolutionNode = FALSE
	EndGlobalSection
	GlobalSection(ExtensibilityGlobals) = postSolution
		SolutionGuid = {D0415EAD-D627-4C1E-9409-A49C371AB03B}
	EndGlobalSection
EndGlobal
